
Microsoft Visual Studio Solution File, Format Version 12.00
# Visual Studio Version 17
VisualStudioVersion = 17.0.31903.59
MinimumVisualStudioVersion = 10.0.40219.1
Project("{FAE04EC0-301F-11D3-BF4B-00C04F79EFBC}") = "EducationalMaterialsAPI", "EducationalMaterialsAPI.csproj", "{EF72387B-CB51-4255-9BA4-D97CDDE83EC5}"
EndProject
Global
	GlobalSection(SolutionConfigurationPlatforms) = preSolution
		Debug|Any CPU = Debug|Any CPU
		Release|Any CPU = Release|Any CPU
	EndGlobalSection
	GlobalSection(ProjectConfigurationPlatforms) = postSolution
		{EF72387B-CB51-4255-9BA4-D97CDDE83EC5}.Debug|Any CPU.ActiveCfg = Debug|Any CPU
		{EF72387B-CB51-4255-9BA4-D97CDDE83EC5}.Debug|Any CPU.Build.0 = Debug|Any CPU
		{EF72387B-CB51-4255-9BA4-D97CDDE83EC5}.Release|Any CPU.ActiveCfg = Release|Any CPU
		{EF72387B-CB51-4255-9BA4-D97CDDE83EC5}.Release|Any CPU.Build.0 = Release|Any CPU
	EndGlobalSection
	GlobalSection(SolutionProperties) = preSolution
		HideSolutionNode = FALSE
	EndGlobalSection
	GlobalSection(ExtensibilityGlobals) = postSolution
		SolutionGuid = {F6A98233-E42C-48DA-9B1F-A49E1B9D1E7E}
	EndGlobalSection
EndGlobal
